
Microsoft Visual Studio Solution File, Format Version 12.00
# Visual Studio Version 16
VisualStudioVersion = 16.0.31129.286
MinimumVisualStudioVersion = 10.0.40219.1
Project("{FAE04EC0-301F-11D3-BF4B-00C04F79EFBC}") = "Calculadora", "Calculadora\Calculadora.csproj", "{171A0F0D-6D83-4363-958D-9207292BBF5F}"
EndProject
Global
	GlobalSection(SolutionConfigurationPlatforms) = preSolution
		Debug|Any CPU = Debug|Any CPU
		Release|Any CPU = Release|Any CPU
	EndGlobalSection
	GlobalSection(ProjectConfigurationPlatforms) = postSolution
		{171A0F0D-6D83-4363-958D-9207292BBF5F}.Debug|Any CPU.ActiveCfg = Debug|Any CPU
		{171A0F0D-6D83-4363-958D-9207292BBF5F}.Debug|Any CPU.Build.0 = Debug|Any CPU
		{171A0F0D-6D83-4363-958D-9207292BBF5F}.Release|Any CPU.ActiveCfg = Release|Any CPU
		{171A0F0D-6D83-4363-958D-9207292BBF5F}.Release|Any CPU.Build.0 = Release|Any CPU
	EndGlobalSection
	GlobalSection(SolutionProperties) = preSolution
		HideSolutionNode = FALSE
	EndGlobalSection
	GlobalSection(ExtensibilityGlobals) = postSolution
		SolutionGuid = {FACE4F9D-3FD8-4811-A22C-A5B2B39011DE}
	EndGlobalSection
EndGlobal
